
Microsoft Visual Studio Solution File, Format Version 12.00
# Visual Studio Version 16
VisualStudioVersion = 16.0.29519.181
MinimumVisualStudioVersion = 10.0.40219.1
Project("{FAE04EC0-301F-11D3-BF4B-00C04F79EFBC}") = "GUI", "PasswordManager\GUI.csproj", "{849F8DEC-429B-468B-A8D9-D85B691E2B0F}"
EndProject
Project("{FAE04EC0-301F-11D3-BF4B-00C04F79EFBC}") = "Backend", "Backend\Backend.csproj", "{17ED19D8-2FDC-4CA3-967D-943494D46CCC}"
EndProject
Project("{FAE04EC0-301F-11D3-BF4B-00C04F79EFBC}") = "Keystroke.API", "Keystroke.API\Keystroke.API.csproj", "{7E5F1A90-FBD0-4A59-9255-19612E541FE4}"
EndProject
Global
	GlobalSection(SolutionConfigurationPlatforms) = preSolution
		Debug|Any CPU = Debug|Any CPU
		Release|Any CPU = Release|Any CPU
	EndGlobalSection
	GlobalSection(ProjectConfigurationPlatforms) = postSolution
		{849F8DEC-429B-468B-A8D9-D85B691E2B0F}.Debug|Any CPU.ActiveCfg = Debug|Any CPU
		{849F8DEC-429B-468B-A8D9-D85B691E2B0F}.Debug|Any CPU.Build.0 = Debug|Any CPU
		{849F8DEC-429B-468B-A8D9-D85B691E2B0F}.Release|Any CPU.ActiveCfg = Release|Any CPU
		{849F8DEC-429B-468B-A8D9-D85B691E2B0F}.Release|Any CPU.Build.0 = Release|Any CPU
		{17ED19D8-2FDC-4CA3-967D-943494D46CCC}.Debug|Any CPU.ActiveCfg = Debug|Any CPU
		{17ED19D8-2FDC-4CA3-967D-943494D46CCC}.Debug|Any CPU.Build.0 = Debug|Any CPU
		{17ED19D8-2FDC-4CA3-967D-943494D46CCC}.Release|Any CPU.ActiveCfg = Release|Any CPU
		{17ED19D8-2FDC-4CA3-967D-943494D46CCC}.Release|Any CPU.Build.0 = Release|Any CPU
		{7E5F1A90-FBD0-4A59-9255-19612E541FE4}.Debug|Any CPU.ActiveCfg = Debug|Any CPU
		{7E5F1A90-FBD0-4A59-9255-19612E541FE4}.Debug|Any CPU.Build.0 = Debug|Any CPU
		{7E5F1A90-FBD0-4A59-9255-19612E541FE4}.Release|Any CPU.ActiveCfg = Release|Any CPU
		{7E5F1A90-FBD0-4A59-9255-19612E541FE4}.Release|Any CPU.Build.0 = Release|Any CPU
	EndGlobalSection
	GlobalSection(SolutionProperties) = preSolution
		HideSolutionNode = FALSE
	EndGlobalSection
	GlobalSection(ExtensibilityGlobals) = postSolution
		SolutionGuid = {85D6180B-4186-4E9F-A4A7-0403633D0FA6}
	EndGlobalSection
EndGlobal
